// !$*UTF8*$!
{
	archiveVersion = 1;
	classes = {
	};
	objectVersion = 45;
	objects = {

/* Begin PBXFileReference section */
		2202B2430FFE56C000B6FCEC /* Tokyo.h */ = {isa = PBXFileReference; fileEncoding = 4; lastKnownFileType = sourcecode.c.h; path = Tokyo.h; sourceTree = "<group>"; };
		2202B35C0FFFA4D100B6FCEC /* Project.h */ = {isa = PBXFileReference; fileEncoding = 4; lastKnownFileType = sourcecode.c.h; path = Project.h; sourceTree = "<group>"; };
		2202B35D0FFFA4D100B6FCEC /* Project.cpp */ = {isa = PBXFileReference; fileEncoding = 4; lastKnownFileType = sourcecode.cpp.cpp; path = Project.cpp; sourceTree = "<group>"; };
		2202B3720FFFAAA200B6FCEC /* Backlog.h */ = {isa = PBXFileReference; fileEncoding = 4; lastKnownFileType = sourcecode.c.h; path = Backlog.h; sourceTree = "<group>"; };
		2202B3730FFFAAA200B6FCEC /* Backlog.cpp */ = {isa = PBXFileReference; fileEncoding = 4; lastKnownFileType = sourcecode.cpp.cpp; path = Backlog.cpp; sourceTree = "<group>"; };
		220AD6F40FA215F800C604BE /* openprop.h */ = {isa = PBXFileReference; fileEncoding = 4; lastKnownFileType = sourcecode.c.h; path = openprop.h; sourceTree = "<group>"; };
		220AD6F50FA215F800C604BE /* openprop.cpp */ = {isa = PBXFileReference; fileEncoding = 4; lastKnownFileType = sourcecode.cpp.cpp; path = openprop.cpp; sourceTree = "<group>"; };
		220AD6F60FA215F800C604BE /* openprop_int.h */ = {isa = PBXFileReference; fileEncoding = 4; lastKnownFileType = sourcecode.c.h; path = openprop_int.h; sourceTree = "<group>"; };
		220AD6F70FA215F800C604BE /* parser.h */ = {isa = PBXFileReference; fileEncoding = 4; lastKnownFileType = sourcecode.c.h; path = parser.h; sourceTree = "<group>"; };
		220AD6F80FA215F800C604BE /* parser.cpp */ = {isa = PBXFileReference; fileEncoding = 4; lastKnownFileType = sourcecode.cpp.cpp; path = parser.cpp; sourceTree = "<group>"; };
		220AD7070FA233E600C604BE /* Model.h */ = {isa = PBXFileReference; fileEncoding = 4; lastKnownFileType = sourcecode.c.h; path = Model.h; sourceTree = "<group>"; };
		220D9D2E117FD8C0000F20D0 /* logjam.cpp */ = {isa = PBXFileReference; fileEncoding = 4; lastKnownFileType = sourcecode.cpp.cpp; path = logjam.cpp; sourceTree = "<group>"; };
		221577CA100F38270020B133 /* ProjectController.h */ = {isa = PBXFileReference; fileEncoding = 4; lastKnownFileType = sourcecode.c.h; path = ProjectController.h; sourceTree = "<group>"; };
		221577CB100F38270020B133 /* ProjectController.cpp */ = {isa = PBXFileReference; fileEncoding = 4; lastKnownFileType = sourcecode.cpp.cpp; path = ProjectController.cpp; sourceTree = "<group>"; };
		221B344A0FA89B99009AB597 /* ModuleCompilier.cpp */ = {isa = PBXFileReference; fileEncoding = 4; lastKnownFileType = sourcecode.cpp.cpp; path = ModuleCompilier.cpp; sourceTree = "<group>"; };
		221B344B0FA89B99009AB597 /* ModuleCompilier.h */ = {isa = PBXFileReference; fileEncoding = 4; lastKnownFileType = sourcecode.c.h; path = ModuleCompilier.h; sourceTree = "<group>"; };
		221B34820FA8C302009AB597 /* lunar.h */ = {isa = PBXFileReference; fileEncoding = 4; lastKnownFileType = sourcecode.c.h; path = lunar.h; sourceTree = "<group>"; };
		2222BE34101E89D000CE52E6 /* UserController.h */ = {isa = PBXFileReference; fileEncoding = 4; lastKnownFileType = sourcecode.c.h; path = UserController.h; sourceTree = "<group>"; };
		2222BE35101E89D000CE52E6 /* UserController.cpp */ = {isa = PBXFileReference; fileEncoding = 4; lastKnownFileType = sourcecode.cpp.cpp; path = UserController.cpp; sourceTree = "<group>"; };
		2222BE7D101FA32100CE52E6 /* OpenIDConsumer.h */ = {isa = PBXFileReference; fileEncoding = 4; lastKnownFileType = sourcecode.c.h; path = OpenIDConsumer.h; sourceTree = "<group>"; };
		2222BE7E101FA32100CE52E6 /* OpenIDConsumer.cpp */ = {isa = PBXFileReference; fileEncoding = 4; lastKnownFileType = sourcecode.cpp.cpp; path = OpenIDConsumer.cpp; sourceTree = "<group>"; };
		2222C04C1020D5BC00CE52E6 /* RssItem.h */ = {isa = PBXFileReference; fileEncoding = 4; lastKnownFileType = sourcecode.c.h; path = RssItem.h; sourceTree = "<group>"; };
		2222C04D1020D5BC00CE52E6 /* RssItem.cpp */ = {isa = PBXFileReference; fileEncoding = 4; lastKnownFileType = sourcecode.cpp.cpp; path = RssItem.cpp; sourceTree = "<group>"; };
		2222C09610214AB600CE52E6 /* RssController.h */ = {isa = PBXFileReference; fileEncoding = 4; lastKnownFileType = sourcecode.c.h; path = RssController.h; sourceTree = "<group>"; };
		2222C09710214AB600CE52E6 /* RssController.cpp */ = {isa = PBXFileReference; fileEncoding = 4; lastKnownFileType = sourcecode.cpp.cpp; path = RssController.cpp; sourceTree = "<group>"; };
		2222C09B1021D11200CE52E6 /* libexpat.dylib */ = {isa = PBXFileReference; lastKnownFileType = "compiled.mach-o.dylib"; name = libexpat.dylib; path = usr/lib/libexpat.dylib; sourceTree = SDKROOT; };
		222B665C101E46F300F45B04 /* libcrypto.dylib */ = {isa = PBXFileReference; lastKnownFileType = "compiled.mach-o.dylib"; name = libcrypto.dylib; path = usr/lib/libcrypto.dylib; sourceTree = SDKROOT; };
		223517341114E14000871FBF /* Release.h */ = {isa = PBXFileReference; fileEncoding = 4; lastKnownFileType = sourcecode.c.h; path = Release.h; sourceTree = "<group>"; };
		223517351114E14000871FBF /* Release.cpp */ = {isa = PBXFileReference; fileEncoding = 4; lastKnownFileType = sourcecode.cpp.cpp; path = Release.cpp; sourceTree = "<group>"; };
		223619AD111DDFF00019641E /* ReleaseController.h */ = {isa = PBXFileReference; fileEncoding = 4; lastKnownFileType = sourcecode.c.h; path = ReleaseController.h; sourceTree = "<group>"; };
		223619AE111DDFF00019641E /* ReleaseController.cpp */ = {isa = PBXFileReference; fileEncoding = 4; lastKnownFileType = sourcecode.cpp.cpp; path = ReleaseController.cpp; sourceTree = "<group>"; };
		2236823611815E2E002FD990 /* Logger.h */ = {isa = PBXFileReference; fileEncoding = 4; lastKnownFileType = sourcecode.c.h; path = Logger.h; sourceTree = "<group>"; };
		2236823711815E2E002FD990 /* Logger.cpp */ = {isa = PBXFileReference; fileEncoding = 4; lastKnownFileType = sourcecode.cpp.cpp; path = Logger.cpp; sourceTree = "<group>"; };
		2236838A118270B8002FD990 /* BSONParser.cpp */ = {isa = PBXFileReference; fileEncoding = 4; lastKnownFileType = sourcecode.cpp.cpp; path = BSONParser.cpp; sourceTree = "<group>"; };
		2236838B118270B8002FD990 /* BSONParser.h */ = {isa = PBXFileReference; fileEncoding = 4; lastKnownFileType = sourcecode.c.h; path = BSONParser.h; sourceTree = "<group>"; };
		2236838D11827124002FD990 /* BSONNode.cpp */ = {isa = PBXFileReference; fileEncoding = 4; lastKnownFileType = sourcecode.cpp.cpp; path = BSONNode.cpp; sourceTree = "<group>"; };
		2236838E11827124002FD990 /* BSONNode.h */ = {isa = PBXFileReference; fileEncoding = 4; lastKnownFileType = sourcecode.c.h; path = BSONNode.h; sourceTree = "<group>"; };
		223D698310078F5800F79019 /* Controller.cpp */ = {isa = PBXFileReference; fileEncoding = 4; lastKnownFileType = sourcecode.cpp.cpp; path = Controller.cpp; sourceTree = "<group>"; };
		224046D5100595160005461A /* User.h */ = {isa = PBXFileReference; fileEncoding = 4; lastKnownFileType = sourcecode.c.h; path = User.h; sourceTree = "<group>"; };
		224046D6100595160005461A /* User.cpp */ = {isa = PBXFileReference; fileEncoding = 4; lastKnownFileType = sourcecode.cpp.cpp; path = User.cpp; sourceTree = "<group>"; };
		224046DA100597D90005461A /* Role.h */ = {isa = PBXFileReference; fileEncoding = 4; lastKnownFileType = sourcecode.c.h; path = Role.h; sourceTree = "<group>"; };
		224046DB100597D90005461A /* Role.cpp */ = {isa = PBXFileReference; fileEncoding = 4; lastKnownFileType = sourcecode.cpp.cpp; path = Role.cpp; sourceTree = "<group>"; };
		2267589A1185C8870097ADE1 /* logjammin.cpp */ = {isa = PBXFileReference; fileEncoding = 4; lastKnownFileType = sourcecode.cpp.cpp; path = logjammin.cpp; sourceTree = "<group>"; };
		226758A21185CCE50097ADE1 /* logjam_lua.cpp */ = {isa = PBXFileReference; fileEncoding = 4; lastKnownFileType = sourcecode.cpp.cpp; path = logjam_lua.cpp; sourceTree = "<group>"; };
		226758A31185CCE50097ADE1 /* logjam_lua.h */ = {isa = PBXFileReference; fileEncoding = 4; lastKnownFileType = sourcecode.c.h; path = logjam_lua.h; sourceTree = "<group>"; };
		2271D918101288A000749D9A /* BacklogController.h */ = {isa = PBXFileReference; fileEncoding = 4; lastKnownFileType = sourcecode.c.h; path = BacklogController.h; sourceTree = "<group>"; };
		2271D919101288A000749D9A /* BacklogController.cpp */ = {isa = PBXFileReference; fileEncoding = 4; lastKnownFileType = sourcecode.cpp.cpp; path = BacklogController.cpp; sourceTree = "<group>"; };
		227A47051018186B0013EACE /* libcurl.dylib */ = {isa = PBXFileReference; lastKnownFileType = "compiled.mach-o.dylib"; name = libcurl.dylib; path = /usr/lib/libcurl.dylib; sourceTree = "<absolute>"; };
		229F36090FAA34E3003A1626 /* Response.h */ = {isa = PBXFileReference; fileEncoding = 4; lastKnownFileType = sourcecode.c.h; path = Response.h; sourceTree = "<group>"; };
		229F360A0FAA34E3003A1626 /* Response.cpp */ = {isa = PBXFileReference; fileEncoding = 4; lastKnownFileType = sourcecode.cpp.cpp; path = Response.cpp; sourceTree = "<group>"; };
		22D30BE10FA78F09005DE0D9 /* Request.h */ = {isa = PBXFileReference; fileEncoding = 4; lastKnownFileType = sourcecode.c.h; path = Request.h; sourceTree = "<group>"; };
		22D30BE20FA78F53005DE0D9 /* Request.cpp */ = {isa = PBXFileReference; fileEncoding = 4; lastKnownFileType = sourcecode.cpp.cpp; path = Request.cpp; sourceTree = "<group>"; };
		22D32C9F102AAA3E0015E71D /* RoleController.h */ = {isa = PBXFileReference; fileEncoding = 4; lastKnownFileType = sourcecode.c.h; path = RoleController.h; sourceTree = "<group>"; };
		22D32CA0102AAA3E0015E71D /* RoleController.cpp */ = {isa = PBXFileReference; fileEncoding = 4; lastKnownFileType = sourcecode.cpp.cpp; path = RoleController.cpp; sourceTree = "<group>"; };
		22D32CA8102AACB50015E71D /* Doxyfile */ = {isa = PBXFileReference; fileEncoding = 4; lastKnownFileType = text; path = Doxyfile; sourceTree = "<group>"; };
		22D32CA9102AACB50015E71D /* LICENSE */ = {isa = PBXFileReference; fileEncoding = 4; lastKnownFileType = text; path = LICENSE; sourceTree = "<group>"; };
		22D32CAA102AACB50015E71D /* README */ = {isa = PBXFileReference; fileEncoding = 4; lastKnownFileType = text; path = README; sourceTree = "<group>"; };
		22DB7C5D101A5CC800BEEB52 /* OpenID.h */ = {isa = PBXFileReference; fileEncoding = 4; lastKnownFileType = sourcecode.c.h; path = OpenID.h; sourceTree = "<group>"; };
		22DB7C5E101A5CC800BEEB52 /* OpenID.cpp */ = {isa = PBXFileReference; fileEncoding = 4; lastKnownFileType = sourcecode.cpp.cpp; path = OpenID.cpp; sourceTree = "<group>"; };
		22E9C71A1176BA8000557ADA /* Tokyo.cpp */ = {isa = PBXFileReference; fileEncoding = 4; lastKnownFileType = sourcecode.cpp.cpp; path = Tokyo.cpp; sourceTree = "<group>"; };
		22E9C96B117BF18B00557ADA /* Storage.h */ = {isa = PBXFileReference; fileEncoding = 4; lastKnownFileType = sourcecode.c.h; path = Storage.h; sourceTree = "<group>"; };
		22E9C96C117BF18B00557ADA /* Storage.cpp */ = {isa = PBXFileReference; fileEncoding = 4; lastKnownFileType = sourcecode.cpp.cpp; path = Storage.cpp; sourceTree = "<group>"; };
		22E9C9A8117C894700557ADA /* Exception.h */ = {isa = PBXFileReference; fileEncoding = 4; lastKnownFileType = sourcecode.c.h; path = Exception.h; sourceTree = "<group>"; };
		22ED3BBF0FB8704A004E2511 /* Controller.h */ = {isa = PBXFileReference; fileEncoding = 4; lastKnownFileType = sourcecode.c.h; path = Controller.h; sourceTree = "<group>"; };
		22ED3C110FB8F99C004E2511 /* Seed.h */ = {isa = PBXFileReference; fileEncoding = 4; lastKnownFileType = sourcecode.c.h; path = Seed.h; sourceTree = "<group>"; };
		C6859E8B029090EE04C91782 /* logjammin.1 */ = {isa = PBXFileReference; lastKnownFileType = text.man; path = logjammin.1; sourceTree = "<group>"; };
/* End PBXFileReference section */

/* Begin PBXGroup section */
		08FB7794FE84155DC02AAC07 /* logjammin */ = {
			isa = PBXGroup;
			children = (
				222B665C101E46F300F45B04 /* libcrypto.dylib */,
				227A47051018186B0013EACE /* libcurl.dylib */,
				2222C09B1021D11200CE52E6 /* libexpat.dylib */,
				08FB7795FE84155DC02AAC07 /* Source */,
				C6859E8C029090F304C91782 /* Documentation */,
				1AB674ADFE9D54B511CA2CBB /* Products */,
			);
			name = logjammin;
			sourceTree = "<group>";
		};
		08FB7795FE84155DC02AAC07 /* Source */ = {
			isa = PBXGroup;
			children = (
				2236839411827230002FD990 /* logjam */,
				226758991185C85F0097ADE1 /* logjammin */,
				22A77218118547C200E48208 /* global namespace */,
				2236837211825B97002FD990 /* lj */,
				2261AF4F10D1E63000841C84 /* tokyo */,
				220AD7060FA233CB00C604BE /* Model */,
				22ED3BBE0FB8701A004E2511 /* Controller */,
				22D30BE00FA78EF8005DE0D9 /* CGI */,
				220AD6F30FA215F800C604BE /* Config Parser */,
			);
			name = Source;
			sourceTree = "<group>";
		};
		1AB674ADFE9D54B511CA2CBB /* Products */ = {
			isa = PBXGroup;
			children = (
			);
			name = Products;
			sourceTree = "<group>";
		};
		220AD6F30FA215F800C604BE /* Config Parser */ = {
			isa = PBXGroup;
			children = (
				220AD6F40FA215F800C604BE /* openprop.h */,
				220AD6F50FA215F800C604BE /* openprop.cpp */,
				220AD6F60FA215F800C604BE /* openprop_int.h */,
				220AD6F70FA215F800C604BE /* parser.h */,
				220AD6F80FA215F800C604BE /* parser.cpp */,
			);
			name = "Config Parser";
			sourceTree = "<group>";
		};
		220AD7060FA233CB00C604BE /* Model */ = {
			isa = PBXGroup;
			children = (
				220AD7070FA233E600C604BE /* Model.h */,
				224046DA100597D90005461A /* Role.h */,
				224046DB100597D90005461A /* Role.cpp */,
				224046D5100595160005461A /* User.h */,
				224046D6100595160005461A /* User.cpp */,
				2202B3720FFFAAA200B6FCEC /* Backlog.h */,
				2202B3730FFFAAA200B6FCEC /* Backlog.cpp */,
				223517341114E14000871FBF /* Release.h */,
				223517351114E14000871FBF /* Release.cpp */,
				2202B35C0FFFA4D100B6FCEC /* Project.h */,
				2202B35D0FFFA4D100B6FCEC /* Project.cpp */,
				2222C04C1020D5BC00CE52E6 /* RssItem.h */,
				2222C04D1020D5BC00CE52E6 /* RssItem.cpp */,
			);
			name = Model;
			sourceTree = "<group>";
		};
		2236837211825B97002FD990 /* lj */ = {
			isa = PBXGroup;
			children = (
				22E9C9A8117C894700557ADA /* Exception.h */,
				2236823611815E2E002FD990 /* Logger.h */,
				2236823711815E2E002FD990 /* Logger.cpp */,
				2236838E11827124002FD990 /* BSONNode.h */,
				2236838D11827124002FD990 /* BSONNode.cpp */,
				2236838B118270B8002FD990 /* BSONParser.h */,
				2236838A118270B8002FD990 /* BSONParser.cpp */,
				22E9C96B117BF18B00557ADA /* Storage.h */,
				22E9C96C117BF18B00557ADA /* Storage.cpp */,
			);
			name = lj;
			sourceTree = "<group>";
		};
		2236839411827230002FD990 /* logjam */ = {
			isa = PBXGroup;
			children = (
				220D9D2E117FD8C0000F20D0 /* logjam.cpp */,
				226758A31185CCE50097ADE1 /* logjam_lua.h */,
				226758A21185CCE50097ADE1 /* logjam_lua.cpp */,
			);
			name = logjam;
			sourceTree = "<group>";
		};
		2261AF4F10D1E63000841C84 /* tokyo */ = {
			isa = PBXGroup;
			children = (
				2202B2430FFE56C000B6FCEC /* Tokyo.h */,
				22E9C71A1176BA8000557ADA /* Tokyo.cpp */,
			);
			name = tokyo;
			sourceTree = "<group>";
		};
		226758991185C85F0097ADE1 /* logjammin */ = {
			isa = PBXGroup;
			children = (
				2267589A1185C8870097ADE1 /* logjammin.cpp */,
			);
			name = logjammin;
			sourceTree = "<group>";
		};
		22A77218118547C200E48208 /* global namespace */ = {
			isa = PBXGroup;
			children = (
				221B34820FA8C302009AB597 /* lunar.h */,
			);
			name = "global namespace";
			sourceTree = "<group>";
		};
		22D30BE00FA78EF8005DE0D9 /* CGI */ = {
			isa = PBXGroup;
			children = (
				221B344A0FA89B99009AB597 /* ModuleCompilier.cpp */,
				221B344B0FA89B99009AB597 /* ModuleCompilier.h */,
				22D30BE10FA78F09005DE0D9 /* Request.h */,
				22D30BE20FA78F53005DE0D9 /* Request.cpp */,
				229F36090FAA34E3003A1626 /* Response.h */,
				229F360A0FAA34E3003A1626 /* Response.cpp */,
				22DB7C5D101A5CC800BEEB52 /* OpenID.h */,
				22DB7C5E101A5CC800BEEB52 /* OpenID.cpp */,
				2222BE7D101FA32100CE52E6 /* OpenIDConsumer.h */,
				2222BE7E101FA32100CE52E6 /* OpenIDConsumer.cpp */,
			);
			name = CGI;
			sourceTree = "<group>";
		};
		22ED3BBE0FB8701A004E2511 /* Controller */ = {
			isa = PBXGroup;
			children = (
				22ED3BBF0FB8704A004E2511 /* Controller.h */,
				223D698310078F5800F79019 /* Controller.cpp */,
				22ED3C110FB8F99C004E2511 /* Seed.h */,
				2271D918101288A000749D9A /* BacklogController.h */,
				2271D919101288A000749D9A /* BacklogController.cpp */,
				223619AD111DDFF00019641E /* ReleaseController.h */,
				223619AE111DDFF00019641E /* ReleaseController.cpp */,
				221577CA100F38270020B133 /* ProjectController.h */,
				221577CB100F38270020B133 /* ProjectController.cpp */,
				2222BE34101E89D000CE52E6 /* UserController.h */,
				2222BE35101E89D000CE52E6 /* UserController.cpp */,
				22D32C9F102AAA3E0015E71D /* RoleController.h */,
				22D32CA0102AAA3E0015E71D /* RoleController.cpp */,
				2222C09610214AB600CE52E6 /* RssController.h */,
				2222C09710214AB600CE52E6 /* RssController.cpp */,
			);
			name = Controller;
			sourceTree = "<group>";
		};
		C6859E8C029090F304C91782 /* Documentation */ = {
			isa = PBXGroup;
			children = (
				22D32CA8102AACB50015E71D /* Doxyfile */,
				22D32CA9102AACB50015E71D /* LICENSE */,
				22D32CAA102AACB50015E71D /* README */,
				C6859E8B029090EE04C91782 /* logjammin.1 */,
			);
			name = Documentation;
			sourceTree = "<group>";
		};
/* End PBXGroup section */

/* Begin PBXLegacyTarget section */
		220D9C66117FA0BA000F20D0 /* logjam */ = {
			isa = PBXLegacyTarget;
			buildArgumentsString = "$(ACTION)";
			buildConfigurationList = 220D9C69117FA0E4000F20D0 /* Build configuration list for PBXLegacyTarget "logjam" */;
			buildPhases = (
			);
			buildToolPath = ./waf;
			dependencies = (
			);
			name = logjam;
			passBuildSettingsInEnvironment = 0;
			productName = logjam;
		};
/* End PBXLegacyTarget section */

/* Begin PBXProject section */
		08FB7793FE84155DC02AAC07 /* Project object */ = {
			isa = PBXProject;
			buildConfigurationList = 1DEB923508733DC60010E9CD /* Build configuration list for PBXProject "logjammin" */;
			compatibilityVersion = "Xcode 3.1";
			hasScannedForEncodings = 1;
			mainGroup = 08FB7794FE84155DC02AAC07 /* logjammin */;
			projectDirPath = "";
			projectRoot = "";
			targets = (
				220D9C66117FA0BA000F20D0 /* logjam */,
			);
		};
/* End PBXProject section */

/* Begin XCBuildConfiguration section */
		1DEB923608733DC60010E9CD /* Debug */ = {
			isa = XCBuildConfiguration;
			buildSettings = {
				ARCHS = "$(ARCHS_STANDARD_32_BIT)";
				GCC_C_LANGUAGE_STANDARD = c99;
				GCC_OPTIMIZATION_LEVEL = 0;
				GCC_WARN_ABOUT_RETURN_TYPE = YES;
				GCC_WARN_UNUSED_VARIABLE = YES;
				ONLY_ACTIVE_ARCH = YES;
				PREBINDING = NO;
				SDKROOT = macosx10.5;
			};
			name = Debug;
		};
		1DEB923708733DC60010E9CD /* Release */ = {
			isa = XCBuildConfiguration;
			buildSettings = {
				ARCHS = "$(ARCHS_STANDARD_32_BIT)";
				GCC_C_LANGUAGE_STANDARD = c99;
				GCC_WARN_ABOUT_RETURN_TYPE = YES;
				GCC_WARN_UNUSED_VARIABLE = YES;
				PREBINDING = NO;
				SDKROOT = macosx10.5;
			};
			name = Release;
		};
		220D9C67117FA0BA000F20D0 /* Debug */ = {
			isa = XCBuildConfiguration;
			buildSettings = {
				COPY_PHASE_STRIP = NO;
				GCC_DYNAMIC_NO_PIC = NO;
				GCC_OPTIMIZATION_LEVEL = 0;
				PRODUCT_NAME = logjam;
			};
			name = Debug;
		};
		220D9C68117FA0BA000F20D0 /* Release */ = {
			isa = XCBuildConfiguration;
			buildSettings = {
				COPY_PHASE_STRIP = YES;
				DEBUG_INFORMATION_FORMAT = "dwarf-with-dsym";
				GCC_ENABLE_FIX_AND_CONTINUE = NO;
				PRODUCT_NAME = logjam;
				ZERO_LINK = NO;
			};
			name = Release;
		};
/* End XCBuildConfiguration section */

/* Begin XCConfigurationList section */
		1DEB923508733DC60010E9CD /* Build configuration list for PBXProject "logjammin" */ = {
			isa = XCConfigurationList;
			buildConfigurations = (
				1DEB923608733DC60010E9CD /* Debug */,
				1DEB923708733DC60010E9CD /* Release */,
			);
			defaultConfigurationIsVisible = 0;
			defaultConfigurationName = Release;
		};
		220D9C69117FA0E4000F20D0 /* Build configuration list for PBXLegacyTarget "logjam" */ = {
			isa = XCConfigurationList;
			buildConfigurations = (
				220D9C67117FA0BA000F20D0 /* Debug */,
				220D9C68117FA0BA000F20D0 /* Release */,
			);
			defaultConfigurationIsVisible = 0;
			defaultConfigurationName = Release;
		};
/* End XCConfigurationList section */
	};
	rootObject = 08FB7793FE84155DC02AAC07 /* Project object */;
}
